{
  "version": 4,
  "terraform_version": "1.11.0",
  "serial": 9,
  "lineage": "41be8b21-deab-de92-1627-de91e0979a08",
  "outputs": {
    "full_vm_details": {
      "value": {
        "additional_capabilities": [],
        "admin_password": null,
        "admin_ssh_key": [
          {
            "public_key": "ssh-rsa AAAAB3NzaC1yc2EAAAADAQABAAACAQCxl6Snh31nuUIx3jgNcLYPvKk9qJXbAEcbRJTBDwRpQFevON23fLKa48BNiZByvCu9ziWbBy8ZVDj03dtj03+Dncfbbmfwc3yNssnG9hrC8xxarShaShtH1igYr7pQ/GxmvkK6GJFVQXAec8QcxTZJ2aq8qbc1ZusDNnCq9uy2l83srOhbjzE47/nOm190OHESFB0CqplNCjY6zWVG97Cr1QSleYGM80WGKvfL7e0Hu8ATnxTla2CP14psHC6BKYrAAYVD+I+f0YRCe4ju/hCJSNSyssL2czWvWAFT9I5Wztf4F4h+5KomFDYJezqfk0Cbq4AojBrxRuDgLXRkUfjBvwVxsuZ1oycx4I+Xp74gVM1MtSBFaxCxgruPmkaXRXp8y+/aCPXBLwW7kNJJP5kj6CyvQOYNjEOFI7d4jxmXPe4Ns+v0zXcUXxfWKJBs+bgkrhN9v83gjtjAIoCRNz0BG91bUXoSHHcqi7GLjnVoiyMEdRXepzQtws3gKe4Td1DKhTWkV77xtXjjRdpmLq4+iTWaW2CRHDPbdBTsssnJxRyztHzjZh50v61ZAskp6NamIW8KBTfZCd+tJVGwoAfYi2/fKi9FWL0Pn7+J+ki6ndD4WjDtUzyVaRuaZK9MAN3OBrPFEwsIq57Il7ZJIdu0+aZNCTNaGbOvNm4KYqc/XQ== azurekey\r\n",
            "username": "onoadmin"
          }
        ],
        "admin_username": "onoadmin",
        "allow_extension_operations": true,
        "availability_set_id": "",
        "boot_diagnostics": [],
        "bypass_platform_safety_checks_on_user_schedule_enabled": false,
        "capacity_reservation_group_id": "",
        "computer_name": "ono-web-vm",
        "custom_data": null,
        "dedicated_host_group_id": "",
        "dedicated_host_id": "",
        "disable_password_authentication": true,
        "disk_controller_type": "",
        "edge_zone": "",
        "encryption_at_host_enabled": false,
        "eviction_policy": "",
        "extensions_time_budget": "PT1H30M",
        "gallery_application": [],
        "id": "/subscriptions/967af8eb-711c-429b-bac4-33ebfa91742e/resourceGroups/ono-server-rg/providers/Microsoft.Compute/virtualMachines/ono-web-vm",
        "identity": [],
        "license_type": "",
        "location": "westeurope",
        "max_bid_price": -1,
        "name": "ono-web-vm",
        "network_interface_ids": [
          "/subscriptions/967af8eb-711c-429b-bac4-33ebfa91742e/resourceGroups/ono-server-rg/providers/Microsoft.Network/networkInterfaces/ono-web-nic"
        ],
        "os_disk": [
          {
            "caching": "ReadWrite",
            "diff_disk_settings": [],
            "disk_encryption_set_id": "",
            "disk_size_gb": 30,
            "id": "/subscriptions/967af8eb-711c-429b-bac4-33ebfa91742e/resourceGroups/ono-server-rg/providers/Microsoft.Compute/disks/ono-web-vm_OsDisk_1_5e7c869b572244e99b8b6b608c145ffd",
            "name": "ono-web-vm_OsDisk_1_5e7c869b572244e99b8b6b608c145ffd",
            "secure_vm_disk_encryption_set_id": "",
            "security_encryption_type": "",
            "storage_account_type": "StandardSSD_LRS",
            "write_accelerator_enabled": false
          }
        ],
        "os_image_notification": [],
        "patch_assessment_mode": "ImageDefault",
        "patch_mode": "ImageDefault",
        "plan": [],
        "platform_fault_domain": -1,
        "priority": "Regular",
        "private_ip_address": "10.1.1.4",
        "private_ip_addresses": [
          "10.1.1.4"
        ],
        "provision_vm_agent": true,
        "proximity_placement_group_id": "",
        "public_ip_address": "13.80.140.157",
        "public_ip_addresses": [
          "13.80.140.157"
        ],
        "reboot_setting": "",
        "resource_group_name": "ono-server-rg",
        "secret": [],
        "secure_boot_enabled": false,
        "size": "Standard_B1ms",
        "source_image_id": "",
        "source_image_reference": [
          {
            "offer": "0001-com-ubuntu-server-jammy",
            "publisher": "Canonical",
            "sku": "22_04-lts",
            "version": "latest"
          }
        ],
        "tags": {
          "Role": "WebServer"
        },
        "termination_notification": [],
        "timeouts": null,
        "user_data": "",
        "virtual_machine_id": "6df9c5e0-b042-4258-a49b-60f24d7ad550",
        "virtual_machine_scale_set_id": "",
        "vm_agent_platform_updates_enabled": false,
        "vtpm_enabled": false,
        "zone": ""
      },
      "type": [
        "object",
        {
          "additional_capabilities": [
            "list",
            [
              "object",
              {
                "hibernation_enabled": "bool",
                "ultra_ssd_enabled": "bool"
              }
            ]
          ],
          "admin_password": "string",
          "admin_ssh_key": [
            "set",
            [
              "object",
              {
                "public_key": "string",
                "username": "string"
              }
            ]
          ],
          "admin_username": "string",
          "allow_extension_operations": "bool",
          "availability_set_id": "string",
          "boot_diagnostics": [
            "list",
            [
              "object",
              {
                "storage_account_uri": "string"
              }
            ]
          ],
          "bypass_platform_safety_checks_on_user_schedule_enabled": "bool",
          "capacity_reservation_group_id": "string",
          "computer_name": "string",
          "custom_data": "string",
          "dedicated_host_group_id": "string",
          "dedicated_host_id": "string",
          "disable_password_authentication": "bool",
          "disk_controller_type": "string",
          "edge_zone": "string",
          "encryption_at_host_enabled": "bool",
          "eviction_policy": "string",
          "extensions_time_budget": "string",
          "gallery_application": [
            "list",
            [
              "object",
              {
                "automatic_upgrade_enabled": "bool",
                "configuration_blob_uri": "string",
                "order": "number",
                "tag": "string",
                "treat_failure_as_deployment_failure_enabled": "bool",
                "version_id": "string"
              }
            ]
          ],
          "id": "string",
          "identity": [
            "list",
            [
              "object",
              {
                "identity_ids": [
                  "set",
                  "string"
                ],
                "principal_id": "string",
                "tenant_id": "string",
                "type": "string"
              }
            ]
          ],
          "license_type": "string",
          "location": "string",
          "max_bid_price": "number",
          "name": "string",
          "network_interface_ids": [
            "list",
            "string"
          ],
          "os_disk": [
            "list",
            [
              "object",
              {
                "caching": "string",
                "diff_disk_settings": [
                  "list",
                  [
                    "object",
                    {
                      "option": "string",
                      "placement": "string"
                    }
                  ]
                ],
                "disk_encryption_set_id": "string",
                "disk_size_gb": "number",
                "id": "string",
                "name": "string",
                "secure_vm_disk_encryption_set_id": "string",
                "security_encryption_type": "string",
                "storage_account_type": "string",
                "write_accelerator_enabled": "bool"
              }
            ]
          ],
          "os_image_notification": [
            "list",
            [
              "object",
              {
                "timeout": "string"
              }
            ]
          ],
          "patch_assessment_mode": "string",
          "patch_mode": "string",
          "plan": [
            "list",
            [
              "object",
              {
                "name": "string",
                "product": "string",
                "publisher": "string"
              }
            ]
          ],
          "platform_fault_domain": "number",
          "priority": "string",
          "private_ip_address": "string",
          "private_ip_addresses": [
            "list",
            "string"
          ],
          "provision_vm_agent": "bool",
          "proximity_placement_group_id": "string",
          "public_ip_address": "string",
          "public_ip_addresses": [
            "list",
            "string"
          ],
          "reboot_setting": "string",
          "resource_group_name": "string",
          "secret": [
            "list",
            [
              "object",
              {
                "certificate": [
                  "set",
                  [
                    "object",
                    {
                      "url": "string"
                    }
                  ]
                ],
                "key_vault_id": "string"
              }
            ]
          ],
          "secure_boot_enabled": "bool",
          "size": "string",
          "source_image_id": "string",
          "source_image_reference": [
            "list",
            [
              "object",
              {
                "offer": "string",
                "publisher": "string",
                "sku": "string",
                "version": "string"
              }
            ]
          ],
          "tags": [
            "map",
            "string"
          ],
          "termination_notification": [
            "list",
            [
              "object",
              {
                "enabled": "bool",
                "timeout": "string"
              }
            ]
          ],
          "timeouts": [
            "object",
            {
              "create": "string",
              "delete": "string",
              "read": "string",
              "update": "string"
            }
          ],
          "user_data": "string",
          "virtual_machine_id": "string",
          "virtual_machine_scale_set_id": "string",
          "vm_agent_platform_updates_enabled": "bool",
          "vtpm_enabled": "bool",
          "zone": "string"
        }
      ],
      "sensitive": true
    },
    "nsg_id": {
      "value": "/subscriptions/967af8eb-711c-429b-bac4-33ebfa91742e/resourceGroups/ono-server-rg/providers/Microsoft.Network/networkSecurityGroups/ono-web-nsg",
      "type": "string"
    },
    "public_ip_address": {
      "value": "13.80.140.157",
      "type": "string"
    },
    "resource_group_location": {
      "value": "westeurope",
      "type": "string"
    },
    "resource_group_name": {
      "value": "ono-server-rg",
      "type": "string"
    },
    "ssh_command": {
      "value": "ssh onoadmin@13.80.140.157",
      "type": "string"
    },
    "ssh_connection_command": {
      "value": "ssh onoadmin@13.80.140.157",
      "type": "string"
    },
    "vm_name": {
      "value": "ono-web-vm",
      "type": "string"
    },
    "vm_public_ip": {
      "value": "13.80.140.157",
      "type": "string"
    },
    "vm_size": {
      "value": "Standard_B1ms",
      "type": "string"
    }
  },
  "resources": [
    {
      "mode": "managed",
      "type": "azurerm_linux_virtual_machine",
      "name": "ono_vm",
      "provider": "provider[\"registry.terraform.io/hashicorp/azurerm\"]",
      "instances": [
        {
          "schema_version": 0,
          "attributes": {
            "additional_capabilities": [],
            "admin_password": null,
            "admin_ssh_key": [
              {
                "public_key": "ssh-rsa AAAAB3NzaC1yc2EAAAADAQABAAACAQCxl6Snh31nuUIx3jgNcLYPvKk9qJXbAEcbRJTBDwRpQFevON23fLKa48BNiZByvCu9ziWbBy8ZVDj03dtj03+Dncfbbmfwc3yNssnG9hrC8xxarShaShtH1igYr7pQ/GxmvkK6GJFVQXAec8QcxTZJ2aq8qbc1ZusDNnCq9uy2l83srOhbjzE47/nOm190OHESFB0CqplNCjY6zWVG97Cr1QSleYGM80WGKvfL7e0Hu8ATnxTla2CP14psHC6BKYrAAYVD+I+f0YRCe4ju/hCJSNSyssL2czWvWAFT9I5Wztf4F4h+5KomFDYJezqfk0Cbq4AojBrxRuDgLXRkUfjBvwVxsuZ1oycx4I+Xp74gVM1MtSBFaxCxgruPmkaXRXp8y+/aCPXBLwW7kNJJP5kj6CyvQOYNjEOFI7d4jxmXPe4Ns+v0zXcUXxfWKJBs+bgkrhN9v83gjtjAIoCRNz0BG91bUXoSHHcqi7GLjnVoiyMEdRXepzQtws3gKe4Td1DKhTWkV77xtXjjRdpmLq4+iTWaW2CRHDPbdBTsssnJxRyztHzjZh50v61ZAskp6NamIW8KBTfZCd+tJVGwoAfYi2/fKi9FWL0Pn7+J+ki6ndD4WjDtUzyVaRuaZK9MAN3OBrPFEwsIq57Il7ZJIdu0+aZNCTNaGbOvNm4KYqc/XQ== azurekey\r\n",
                "username": "onoadmin"
              }
            ],
            "admin_username": "onoadmin",
            "allow_extension_operations": true,
            "availability_set_id": "",
            "boot_diagnostics": [],
            "bypass_platform_safety_checks_on_user_schedule_enabled": false,
            "capacity_reservation_group_id": "",
            "computer_name": "ono-web-vm",
            "custom_data": null,
            "dedicated_host_group_id": "",
            "dedicated_host_id": "",
            "disable_password_authentication": true,
            "disk_controller_type": "",
            "edge_zone": "",
            "encryption_at_host_enabled": false,
            "eviction_policy": "",
            "extensions_time_budget": "PT1H30M",
            "gallery_application": [],
            "id": "/subscriptions/967af8eb-711c-429b-bac4-33ebfa91742e/resourceGroups/ono-server-rg/providers/Microsoft.Compute/virtualMachines/ono-web-vm",
            "identity": [],
            "license_type": "",
            "location": "westeurope",
            "max_bid_price": -1,
            "name": "ono-web-vm",
            "network_interface_ids": [
              "/subscriptions/967af8eb-711c-429b-bac4-33ebfa91742e/resourceGroups/ono-server-rg/providers/Microsoft.Network/networkInterfaces/ono-web-nic"
            ],
            "os_disk": [
              {
                "caching": "ReadWrite",
                "diff_disk_settings": [],
                "disk_encryption_set_id": "",
                "disk_size_gb": 30,
                "id": "/subscriptions/967af8eb-711c-429b-bac4-33ebfa91742e/resourceGroups/ono-server-rg/providers/Microsoft.Compute/disks/ono-web-vm_OsDisk_1_5e7c869b572244e99b8b6b608c145ffd",
                "name": "ono-web-vm_OsDisk_1_5e7c869b572244e99b8b6b608c145ffd",
                "secure_vm_disk_encryption_set_id": "",
                "security_encryption_type": "",
                "storage_account_type": "StandardSSD_LRS",
                "write_accelerator_enabled": false
              }
            ],
            "os_image_notification": [],
            "patch_assessment_mode": "ImageDefault",
            "patch_mode": "ImageDefault",
            "plan": [],
            "platform_fault_domain": -1,
            "priority": "Regular",
            "private_ip_address": "10.1.1.4",
            "private_ip_addresses": [
              "10.1.1.4"
            ],
            "provision_vm_agent": true,
            "proximity_placement_group_id": "",
            "public_ip_address": "13.80.140.157",
            "public_ip_addresses": [
              "13.80.140.157"
            ],
            "reboot_setting": "",
            "resource_group_name": "ono-server-rg",
            "secret": [],
            "secure_boot_enabled": false,
            "size": "Standard_B1ms",
            "source_image_id": "",
            "source_image_reference": [
              {
                "offer": "0001-com-ubuntu-server-jammy",
                "publisher": "Canonical",
                "sku": "22_04-lts",
                "version": "latest"
              }
            ],
            "tags": {
              "Role": "WebServer"
            },
            "termination_notification": [],
            "timeouts": null,
            "user_data": "",
            "virtual_machine_id": "6df9c5e0-b042-4258-a49b-60f24d7ad550",
            "virtual_machine_scale_set_id": "",
            "vm_agent_platform_updates_enabled": false,
            "vtpm_enabled": false,
            "zone": ""
          },
          "sensitive_attributes": [
            [
              {
                "type": "get_attr",
                "value": "admin_password"
              }
            ],
            [
              {
                "type": "get_attr",
                "value": "custom_data"
              }
            ]
          ],
          "private": "eyJlMmJmYjczMC1lY2FhLTExZTYtOGY4OC0zNDM2M2JjN2M0YzAiOnsiY3JlYXRlIjoyNzAwMDAwMDAwMDAwLCJkZWxldGUiOjI3MDAwMDAwMDAwMDAsInJlYWQiOjMwMDAwMDAwMDAwMCwidXBkYXRlIjoyNzAwMDAwMDAwMDAwfX0=",
          "dependencies": [
            "azurerm_network_interface.ono_nic",
            "azurerm_public_ip.ono_pip",
            "azurerm_resource_group.ono_rg",
            "azurerm_subnet.ono_subnet",
            "azurerm_virtual_network.ono_vnet"
          ]
        }
      ]
    },
    {
      "mode": "managed",
      "type": "azurerm_network_interface",
      "name": "ono_nic",
      "provider": "provider[\"registry.terraform.io/hashicorp/azurerm\"]",
      "instances": [
        {
          "schema_version": 0,
          "attributes": {
            "accelerated_networking_enabled": false,
            "applied_dns_servers": [],
            "auxiliary_mode": "",
            "auxiliary_sku": "",
            "dns_servers": [],
            "edge_zone": "",
            "id": "/subscriptions/967af8eb-711c-429b-bac4-33ebfa91742e/resourceGroups/ono-server-rg/providers/Microsoft.Network/networkInterfaces/ono-web-nic",
            "internal_dns_name_label": "",
            "internal_domain_name_suffix": "chlnt1nkojoedppeobcziolvyg.ax.internal.cloudapp.net",
            "ip_configuration": [
              {
                "gateway_load_balancer_frontend_ip_configuration_id": "",
                "name": "internal",
                "primary": true,
                "private_ip_address": "10.1.1.4",
                "private_ip_address_allocation": "Dynamic",
                "private_ip_address_version": "IPv4",
                "public_ip_address_id": "/subscriptions/967af8eb-711c-429b-bac4-33ebfa91742e/resourceGroups/ono-server-rg/providers/Microsoft.Network/publicIPAddresses/ono-web-ip",
                "subnet_id": "/subscriptions/967af8eb-711c-429b-bac4-33ebfa91742e/resourceGroups/ono-server-rg/providers/Microsoft.Network/virtualNetworks/ono-vnet/subnets/ono-subnet"
              }
            ],
            "ip_forwarding_enabled": false,
            "location": "westeurope",
            "mac_address": "60-45-BD-8F-C0-85",
            "name": "ono-web-nic",
            "private_ip_address": "10.1.1.4",
            "private_ip_addresses": [
              "10.1.1.4"
            ],
            "resource_group_name": "ono-server-rg",
            "tags": {},
            "timeouts": null,
            "virtual_machine_id": "/subscriptions/967af8eb-711c-429b-bac4-33ebfa91742e/resourceGroups/ono-server-rg/providers/Microsoft.Compute/virtualMachines/ono-web-vm"
          },
          "sensitive_attributes": [],
          "private": "eyJlMmJmYjczMC1lY2FhLTExZTYtOGY4OC0zNDM2M2JjN2M0YzAiOnsiY3JlYXRlIjoxODAwMDAwMDAwMDAwLCJkZWxldGUiOjE4MDAwMDAwMDAwMDAsInJlYWQiOjMwMDAwMDAwMDAwMCwidXBkYXRlIjoxODAwMDAwMDAwMDAwfX0=",
          "dependencies": [
            "azurerm_public_ip.ono_pip",
            "azurerm_resource_group.ono_rg",
            "azurerm_subnet.ono_subnet",
            "azurerm_virtual_network.ono_vnet"
          ]
        }
      ]
    },
    {
      "mode": "managed",
      "type": "azurerm_network_security_group",
      "name": "ono_nsg",
      "provider": "provider[\"registry.terraform.io/hashicorp/azurerm\"]",
      "instances": [
        {
          "schema_version": 0,
          "attributes": {
            "id": "/subscriptions/967af8eb-711c-429b-bac4-33ebfa91742e/resourceGroups/ono-server-rg/providers/Microsoft.Network/networkSecurityGroups/ono-web-nsg",
            "location": "westeurope",
            "name": "ono-web-nsg",
            "resource_group_name": "ono-server-rg",
            "security_rule": [
              {
                "access": "Allow",
                "description": "",
                "destination_address_prefix": "*",
                "destination_address_prefixes": [],
                "destination_application_security_group_ids": [],
                "destination_port_range": "22",
                "destination_port_ranges": [],
                "direction": "Inbound",
                "name": "SSH",
                "priority": 100,
                "protocol": "Tcp",
                "source_address_prefix": "37.228.204.254/32",
                "source_address_prefixes": [],
                "source_application_security_group_ids": [],
                "source_port_range": "*",
                "source_port_ranges": []
              },
              {
                "access": "Allow",
                "description": "",
                "destination_address_prefix": "*",
                "destination_address_prefixes": [],
                "destination_application_security_group_ids": [],
                "destination_port_range": "443",
                "destination_port_ranges": [],
                "direction": "Inbound",
                "name": "HTTPS",
                "priority": 120,
                "protocol": "Tcp",
                "source_address_prefix": "*",
                "source_address_prefixes": [],
                "source_application_security_group_ids": [],
                "source_port_range": "*",
                "source_port_ranges": []
              },
              {
                "access": "Allow",
                "description": "",
                "destination_address_prefix": "*",
                "destination_address_prefixes": [],
                "destination_application_security_group_ids": [],
                "destination_port_range": "80",
                "destination_port_ranges": [],
                "direction": "Inbound",
                "name": "HTTP",
                "priority": 110,
                "protocol": "Tcp",
                "source_address_prefix": "*",
                "source_address_prefixes": [],
                "source_application_security_group_ids": [],
                "source_port_range": "*",
                "source_port_ranges": []
              }
            ],
            "tags": {},
            "timeouts": null
          },
          "sensitive_attributes": [],
          "private": "eyJlMmJmYjczMC1lY2FhLTExZTYtOGY4OC0zNDM2M2JjN2M0YzAiOnsiY3JlYXRlIjoxODAwMDAwMDAwMDAwLCJkZWxldGUiOjE4MDAwMDAwMDAwMDAsInJlYWQiOjMwMDAwMDAwMDAwMCwidXBkYXRlIjoxODAwMDAwMDAwMDAwfX0=",
          "dependencies": [
            "azurerm_resource_group.ono_rg"
          ]
        }
      ]
    },
    {
      "mode": "managed",
      "type": "azurerm_public_ip",
      "name": "ono_pip",
      "provider": "provider[\"registry.terraform.io/hashicorp/azurerm\"]",
      "instances": [
        {
          "schema_version": 0,
          "attributes": {
            "allocation_method": "Static",
            "ddos_protection_mode": "VirtualNetworkInherited",
            "ddos_protection_plan_id": null,
            "domain_name_label": null,
            "domain_name_label_scope": null,
            "edge_zone": "",
            "fqdn": null,
            "id": "/subscriptions/967af8eb-711c-429b-bac4-33ebfa91742e/resourceGroups/ono-server-rg/providers/Microsoft.Network/publicIPAddresses/ono-web-ip",
            "idle_timeout_in_minutes": 4,
            "ip_address": "13.80.140.157",
            "ip_tags": {},
            "ip_version": "IPv4",
            "location": "westeurope",
            "name": "ono-web-ip",
            "public_ip_prefix_id": null,
            "resource_group_name": "ono-server-rg",
            "reverse_fqdn": null,
            "sku": "Basic",
            "sku_tier": "Regional",
            "tags": {
              "Service": "WebServer"
            },
            "timeouts": null,
            "zones": []
          },
          "sensitive_attributes": [],
          "private": "eyJlMmJmYjczMC1lY2FhLTExZTYtOGY4OC0zNDM2M2JjN2M0YzAiOnsiY3JlYXRlIjoxODAwMDAwMDAwMDAwLCJkZWxldGUiOjE4MDAwMDAwMDAwMDAsInJlYWQiOjMwMDAwMDAwMDAwMCwidXBkYXRlIjoxODAwMDAwMDAwMDAwfX0=",
          "dependencies": [
            "azurerm_resource_group.ono_rg"
          ]
        }
      ]
    },
    {
      "mode": "managed",
      "type": "azurerm_resource_group",
      "name": "ono_rg",
      "provider": "provider[\"registry.terraform.io/hashicorp/azurerm\"]",
      "instances": [
        {
          "schema_version": 0,
          "attributes": {
            "id": "/subscriptions/967af8eb-711c-429b-bac4-33ebfa91742e/resourceGroups/ono-server-rg",
            "location": "westeurope",
            "managed_by": "",
            "name": "ono-server-rg",
            "tags": {
              "Environment": "Dev",
              "Owner": "Ono"
            },
            "timeouts": null
          },
          "sensitive_attributes": [],
          "private": "eyJlMmJmYjczMC1lY2FhLTExZTYtOGY4OC0zNDM2M2JjN2M0YzAiOnsiY3JlYXRlIjo1NDAwMDAwMDAwMDAwLCJkZWxldGUiOjU0MDAwMDAwMDAwMDAsInJlYWQiOjMwMDAwMDAwMDAwMCwidXBkYXRlIjo1NDAwMDAwMDAwMDAwfX0="
        }
      ]
    },
    {
      "mode": "managed",
      "type": "azurerm_subnet",
      "name": "ono_subnet",
      "provider": "provider[\"registry.terraform.io/hashicorp/azurerm\"]",
      "instances": [
        {
          "schema_version": 0,
          "attributes": {
            "address_prefixes": [
              "10.1.1.0/24"
            ],
            "default_outbound_access_enabled": true,
            "delegation": [],
            "id": "/subscriptions/967af8eb-711c-429b-bac4-33ebfa91742e/resourceGroups/ono-server-rg/providers/Microsoft.Network/virtualNetworks/ono-vnet/subnets/ono-subnet",
            "name": "ono-subnet",
            "private_endpoint_network_policies": "Disabled",
            "private_link_service_network_policies_enabled": true,
            "resource_group_name": "ono-server-rg",
            "service_endpoint_policy_ids": [],
            "service_endpoints": [],
            "timeouts": null,
            "virtual_network_name": "ono-vnet"
          },
          "sensitive_attributes": [],
          "private": "eyJlMmJmYjczMC1lY2FhLTExZTYtOGY4OC0zNDM2M2JjN2M0YzAiOnsiY3JlYXRlIjoxODAwMDAwMDAwMDAwLCJkZWxldGUiOjE4MDAwMDAwMDAwMDAsInJlYWQiOjMwMDAwMDAwMDAwMCwidXBkYXRlIjoxODAwMDAwMDAwMDAwfX0=",
          "dependencies": [
            "azurerm_resource_group.ono_rg",
            "azurerm_virtual_network.ono_vnet"
          ]
        }
      ]
    },
    {
      "mode": "managed",
      "type": "azurerm_virtual_network",
      "name": "ono_vnet",
      "provider": "provider[\"registry.terraform.io/hashicorp/azurerm\"]",
      "instances": [
        {
          "schema_version": 0,
          "attributes": {
            "address_space": [
              "10.1.0.0/16"
            ],
            "bgp_community": "",
            "ddos_protection_plan": [],
            "dns_servers": [],
            "edge_zone": "",
            "encryption": [],
            "flow_timeout_in_minutes": 0,
            "guid": "edd9d611-72aa-415c-bde4-7045943975c6",
            "id": "/subscriptions/967af8eb-711c-429b-bac4-33ebfa91742e/resourceGroups/ono-server-rg/providers/Microsoft.Network/virtualNetworks/ono-vnet",
            "location": "westeurope",
            "name": "ono-vnet",
            "private_endpoint_vnet_policies": "Disabled",
            "resource_group_name": "ono-server-rg",
            "subnet": [
              {
                "address_prefixes": [
                  "10.1.1.0/24"
                ],
                "default_outbound_access_enabled": true,
                "delegation": [],
                "id": "/subscriptions/967af8eb-711c-429b-bac4-33ebfa91742e/resourceGroups/ono-server-rg/providers/Microsoft.Network/virtualNetworks/ono-vnet/subnets/ono-subnet",
                "name": "ono-subnet",
                "private_endpoint_network_policies": "Disabled",
                "private_link_service_network_policies_enabled": true,
                "route_table_id": "",
                "security_group": "",
                "service_endpoint_policy_ids": [],
                "service_endpoints": []
              }
            ],
            "tags": {},
            "timeouts": null
          },
          "sensitive_attributes": [],
          "private": "eyJlMmJmYjczMC1lY2FhLTExZTYtOGY4OC0zNDM2M2JjN2M0YzAiOnsiY3JlYXRlIjoxODAwMDAwMDAwMDAwLCJkZWxldGUiOjE4MDAwMDAwMDAwMDAsInJlYWQiOjMwMDAwMDAwMDAwMCwidXBkYXRlIjoxODAwMDAwMDAwMDAwfX0=",
          "dependencies": [
            "azurerm_resource_group.ono_rg"
          ]
        }
      ]
    }
  ],
  "check_results": null
}
